// !$*UTF8*$!
{
	archiveVersion = 1;
	classes = {
	};
	objectVersion = 51;
	objects = {

/* Begin PBXBuildFile section */
		362FE8CC228C2E73001ED4B9 /* WPDownloadViewController.swift in Sources */ = {isa = PBXBuildFile; fileRef = 362FE8CB228C2E73001ED4B9 /* WPDownloadViewController.swift */; };
		36897ED7228B09A500221470 /* WPAppDelegate.swift in Sources */ = {isa = PBXBuildFile; fileRef = 36897ED6228B09A500221470 /* WPAppDelegate.swift */; };
		36897EDE228B09A500221470 /* Assets.xcassets in Resources */ = {isa = PBXBuildFile; fileRef = 36897EDD228B09A500221470 /* Assets.xcassets */; };
		36897EF8228B0E1500221470 /* WLTableViewDelegate.swift in Sources */ = {isa = PBXBuildFile; fileRef = 36897EEC228B0E1500221470 /* WLTableViewDelegate.swift */; };
		36897EF9228B0E1500221470 /* WLTableViewCellData.swift in Sources */ = {isa = PBXBuildFile; fileRef = 36897EED228B0E1500221470 /* WLTableViewCellData.swift */; };
		36897EFA228B0E1500221470 /* WLTableView.swift in Sources */ = {isa = PBXBuildFile; fileRef = 36897EEF228B0E1500221470 /* WLTableView.swift */; };
		36897EFB228B0E1500221470 /* WLTableViewOverlay.swift in Sources */ = {isa = PBXBuildFile; fileRef = 36897EF0228B0E1500221470 /* WLTableViewOverlay.swift */; };
		36897EFC228B0E1500221470 /* WLTableViewCell.swift in Sources */ = {isa = PBXBuildFile; fileRef = 36897EF1228B0E1500221470 /* WLTableViewCell.swift */; };
		36897EFD228B0E1500221470 /* WLUIEventDelegate.swift in Sources */ = {isa = PBXBuildFile; fileRef = 36897EF3228B0E1500221470 /* WLUIEventDelegate.swift */; };
		36897EFE228B0E1500221470 /* UIView+WLKit.swift in Sources */ = {isa = PBXBuildFile; fileRef = 36897EF5228B0E1500221470 /* UIView+WLKit.swift */; };
		36897EFF228B0E1500221470 /* UIColor+WLKit.swift in Sources */ = {isa = PBXBuildFile; fileRef = 36897EF6228B0E1500221470 /* UIColor+WLKit.swift */; };
		36897F00228B0E1500221470 /* String+WLKit.swift in Sources */ = {isa = PBXBuildFile; fileRef = 36897EF7228B0E1500221470 /* String+WLKit.swift */; };
		36897F11228B0EF700221470 /* WPMainTabBarController.swift in Sources */ = {isa = PBXBuildFile; fileRef = 36897F0B228B0EF700221470 /* WPMainTabBarController.swift */; };
		36897F33228B0F1000221470 /* WPBaseViewController.swift in Sources */ = {isa = PBXBuildFile; fileRef = 36897F15228B0F1000221470 /* WPBaseViewController.swift */; };
		36897F34228B0F1000221470 /* WPBaseNavigationController.swift in Sources */ = {isa = PBXBuildFile; fileRef = 36897F16228B0F1000221470 /* WPBaseNavigationController.swift */; };
		36897F35228B0F1000221470 /* SwiftyBeaver+WP.swift in Sources */ = {isa = PBXBuildFile; fileRef = 36897F18228B0F1000221470 /* SwiftyBeaver+WP.swift */; };
		36897F36228B0F1000221470 /* UIViewController+WP.swift in Sources */ = {isa = PBXBuildFile; fileRef = 36897F19228B0F1000221470 /* UIViewController+WP.swift */; };
		36897F37228B0F1000221470 /* UIColor+WP.swift in Sources */ = {isa = PBXBuildFile; fileRef = 36897F1A228B0F1000221470 /* UIColor+WP.swift */; };
		36897F3B228B0F1000221470 /* HGConst.swift in Sources */ = {isa = PBXBuildFile; fileRef = 36897F23228B0F1000221470 /* HGConst.swift */; };
		36897F3C228B0F1000221470 /* HGSandbox.swift in Sources */ = {isa = PBXBuildFile; fileRef = 36897F25228B0F1000221470 /* HGSandbox.swift */; };
		36897F3E228B0F1000221470 /* HGPlayerComponent.swift in Sources */ = {isa = PBXBuildFile; fileRef = 36897F29228B0F1000221470 /* HGPlayerComponent.swift */; };
		36897F3F228B0F1000221470 /* HGPlayerControlPanel.swift in Sources */ = {isa = PBXBuildFile; fileRef = 36897F2C228B0F1000221470 /* HGPlayerControlPanel.swift */; };
		36897F40228B0F1000221470 /* HGPlayerControlPanel.xib in Resources */ = {isa = PBXBuildFile; fileRef = 36897F2D228B0F1000221470 /* HGPlayerControlPanel.xib */; };
		36897F41228B0F1000221470 /* HGRecommendCell.swift in Sources */ = {isa = PBXBuildFile; fileRef = 36897F2F228B0F1000221470 /* HGRecommendCell.swift */; };
		36897F42228B0F1000221470 /* HGPlayerOverlay.swift in Sources */ = {isa = PBXBuildFile; fileRef = 36897F30228B0F1000221470 /* HGPlayerOverlay.swift */; };
		36897F43228B0F1000221470 /* HGRecommendCell.xib in Resources */ = {isa = PBXBuildFile; fileRef = 36897F31228B0F1000221470 /* HGRecommendCell.xib */; };
		36897F44228B0F1000221470 /* HGPlayerManager.swift in Sources */ = {isa = PBXBuildFile; fileRef = 36897F32228B0F1000221470 /* HGPlayerManager.swift */; };
		36897F50228B138B00221470 /* WPHomeViewController.swift in Sources */ = {isa = PBXBuildFile; fileRef = 36897F4F228B138B00221470 /* WPHomeViewController.swift */; };
		8906B98E678E38D1370E9378 /* Pods_WLPlayer.framework in Frameworks */ = {isa = PBXBuildFile; fileRef = 389CAE9E33E41FDA3C215523 /* Pods_WLPlayer.framework */; };
/* End PBXBuildFile section */

/* Begin PBXFileReference section */
		362FE8CB228C2E73001ED4B9 /* WPDownloadViewController.swift */ = {isa = PBXFileReference; lastKnownFileType = sourcecode.swift; path = WPDownloadViewController.swift; sourceTree = "<group>"; };
		36897ED3228B09A500221470 /* WLPlayer.app */ = {isa = PBXFileReference; explicitFileType = wrapper.application; includeInIndex = 0; path = WLPlayer.app; sourceTree = BUILT_PRODUCTS_DIR; };
		36897ED6228B09A500221470 /* WPAppDelegate.swift */ = {isa = PBXFileReference; lastKnownFileType = sourcecode.swift; path = WPAppDelegate.swift; sourceTree = "<group>"; };
		36897EDD228B09A500221470 /* Assets.xcassets */ = {isa = PBXFileReference; lastKnownFileType = folder.assetcatalog; path = Assets.xcassets; sourceTree = "<group>"; };
		36897EE2228B09A500221470 /* Info.plist */ = {isa = PBXFileReference; lastKnownFileType = text.plist.xml; name = Info.plist; path = ../Info.plist; sourceTree = "<group>"; };
		36897EEC228B0E1500221470 /* WLTableViewDelegate.swift */ = {isa = PBXFileReference; fileEncoding = 4; lastKnownFileType = sourcecode.swift; path = WLTableViewDelegate.swift; sourceTree = "<group>"; };
		36897EED228B0E1500221470 /* WLTableViewCellData.swift */ = {isa = PBXFileReference; fileEncoding = 4; lastKnownFileType = sourcecode.swift; path = WLTableViewCellData.swift; sourceTree = "<group>"; };
		36897EEF228B0E1500221470 /* WLTableView.swift */ = {isa = PBXFileReference; fileEncoding = 4; lastKnownFileType = sourcecode.swift; path = WLTableView.swift; sourceTree = "<group>"; };
		36897EF0228B0E1500221470 /* WLTableViewOverlay.swift */ = {isa = PBXFileReference; fileEncoding = 4; lastKnownFileType = sourcecode.swift; path = WLTableViewOverlay.swift; sourceTree = "<group>"; };
		36897EF1228B0E1500221470 /* WLTableViewCell.swift */ = {isa = PBXFileReference; fileEncoding = 4; lastKnownFileType = sourcecode.swift; path = WLTableViewCell.swift; sourceTree = "<group>"; };
		36897EF3228B0E1500221470 /* WLUIEventDelegate.swift */ = {isa = PBXFileReference; fileEncoding = 4; lastKnownFileType = sourcecode.swift; path = WLUIEventDelegate.swift; sourceTree = "<group>"; };
		36897EF5228B0E1500221470 /* UIView+WLKit.swift */ = {isa = PBXFileReference; fileEncoding = 4; lastKnownFileType = sourcecode.swift; path = "UIView+WLKit.swift"; sourceTree = "<group>"; };
		36897EF6228B0E1500221470 /* UIColor+WLKit.swift */ = {isa = PBXFileReference; fileEncoding = 4; lastKnownFileType = sourcecode.swift; path = "UIColor+WLKit.swift"; sourceTree = "<group>"; };
		36897EF7228B0E1500221470 /* String+WLKit.swift */ = {isa = PBXFileReference; fileEncoding = 4; lastKnownFileType = sourcecode.swift; path = "String+WLKit.swift"; sourceTree = "<group>"; };
		36897F0B228B0EF700221470 /* WPMainTabBarController.swift */ = {isa = PBXFileReference; fileEncoding = 4; lastKnownFileType = sourcecode.swift; path = WPMainTabBarController.swift; sourceTree = "<group>"; };
		36897F15228B0F1000221470 /* WPBaseViewController.swift */ = {isa = PBXFileReference; fileEncoding = 4; lastKnownFileType = sourcecode.swift; path = WPBaseViewController.swift; sourceTree = "<group>"; };
		36897F16228B0F1000221470 /* WPBaseNavigationController.swift */ = {isa = PBXFileReference; fileEncoding = 4; lastKnownFileType = sourcecode.swift; path = WPBaseNavigationController.swift; sourceTree = "<group>"; };
		36897F18228B0F1000221470 /* SwiftyBeaver+WP.swift */ = {isa = PBXFileReference; fileEncoding = 4; lastKnownFileType = sourcecode.swift; path = "SwiftyBeaver+WP.swift"; sourceTree = "<group>"; };
		36897F19228B0F1000221470 /* UIViewController+WP.swift */ = {isa = PBXFileReference; fileEncoding = 4; lastKnownFileType = sourcecode.swift; path = "UIViewController+WP.swift"; sourceTree = "<group>"; };
		36897F1A228B0F1000221470 /* UIColor+WP.swift */ = {isa = PBXFileReference; fileEncoding = 4; lastKnownFileType = sourcecode.swift; path = "UIColor+WP.swift"; sourceTree = "<group>"; };
		36897F23228B0F1000221470 /* HGConst.swift */ = {isa = PBXFileReference; fileEncoding = 4; lastKnownFileType = sourcecode.swift; path = HGConst.swift; sourceTree = "<group>"; };
		36897F25228B0F1000221470 /* HGSandbox.swift */ = {isa = PBXFileReference; fileEncoding = 4; lastKnownFileType = sourcecode.swift; path = HGSandbox.swift; sourceTree = "<group>"; };
		36897F29228B0F1000221470 /* HGPlayerComponent.swift */ = {isa = PBXFileReference; fileEncoding = 4; lastKnownFileType = sourcecode.swift; path = HGPlayerComponent.swift; sourceTree = "<group>"; };
		36897F2C228B0F1000221470 /* HGPlayerControlPanel.swift */ = {isa = PBXFileReference; fileEncoding = 4; lastKnownFileType = sourcecode.swift; path = HGPlayerControlPanel.swift; sourceTree = "<group>"; };
		36897F2D228B0F1000221470 /* HGPlayerControlPanel.xib */ = {isa = PBXFileReference; fileEncoding = 4; lastKnownFileType = file.xib; path = HGPlayerControlPanel.xib; sourceTree = "<group>"; };
		36897F2F228B0F1000221470 /* HGRecommendCell.swift */ = {isa = PBXFileReference; fileEncoding = 4; lastKnownFileType = sourcecode.swift; path = HGRecommendCell.swift; sourceTree = "<group>"; };
		36897F30228B0F1000221470 /* HGPlayerOverlay.swift */ = {isa = PBXFileReference; fileEncoding = 4; lastKnownFileType = sourcecode.swift; path = HGPlayerOverlay.swift; sourceTree = "<group>"; };
		36897F31228B0F1000221470 /* HGRecommendCell.xib */ = {isa = PBXFileReference; fileEncoding = 4; lastKnownFileType = file.xib; path = HGRecommendCell.xib; sourceTree = "<group>"; };
		36897F32228B0F1000221470 /* HGPlayerManager.swift */ = {isa = PBXFileReference; fileEncoding = 4; lastKnownFileType = sourcecode.swift; path = HGPlayerManager.swift; sourceTree = "<group>"; };
		36897F4A228B122600221470 /* WLPlayer-Bridging-Header.h */ = {isa = PBXFileReference; lastKnownFileType = sourcecode.c.h; path = "WLPlayer-Bridging-Header.h"; sourceTree = "<group>"; };
		36897F4F228B138B00221470 /* WPHomeViewController.swift */ = {isa = PBXFileReference; lastKnownFileType = sourcecode.swift; path = WPHomeViewController.swift; sourceTree = "<group>"; };
		38908A87B9442792D6618DDB /* Pods-WLPlayer.debug.xcconfig */ = {isa = PBXFileReference; includeInIndex = 1; lastKnownFileType = text.xcconfig; name = "Pods-WLPlayer.debug.xcconfig"; path = "Target Support Files/Pods-WLPlayer/Pods-WLPlayer.debug.xcconfig"; sourceTree = "<group>"; };
		389CAE9E33E41FDA3C215523 /* Pods_WLPlayer.framework */ = {isa = PBXFileReference; explicitFileType = wrapper.framework; includeInIndex = 0; path = Pods_WLPlayer.framework; sourceTree = BUILT_PRODUCTS_DIR; };
		74450B78A072D7E69BD4283B /* Pods-WLPlayer.release.xcconfig */ = {isa = PBXFileReference; includeInIndex = 1; lastKnownFileType = text.xcconfig; name = "Pods-WLPlayer.release.xcconfig"; path = "Target Support Files/Pods-WLPlayer/Pods-WLPlayer.release.xcconfig"; sourceTree = "<group>"; };
/* End PBXFileReference section */

/* Begin PBXFrameworksBuildPhase section */
		36897ED0228B09A500221470 /* Frameworks */ = {
			isa = PBXFrameworksBuildPhase;
			buildActionMask = 2147483647;
			files = (
				8906B98E678E38D1370E9378 /* Pods_WLPlayer.framework in Frameworks */,
			);
			runOnlyForDeploymentPostprocessing = 0;
		};
/* End PBXFrameworksBuildPhase section */

/* Begin PBXGroup section */
		362FE8CA228C2E60001ED4B9 /* Download */ = {
			isa = PBXGroup;
			children = (
				362FE8CB228C2E73001ED4B9 /* WPDownloadViewController.swift */,
			);
			path = Download;
			sourceTree = "<group>";
		};
		36897ECA228B09A500221470 = {
			isa = PBXGroup;
			children = (
				7F52BE69E61A4093A606E934 /* Frameworks */,
				CC64EDE7352A976C23B0FE38 /* Pods */,
				36897ED4228B09A500221470 /* Products */,
				36897EE8228B0E1500221470 /* WLKit */,
				36897ED5228B09A500221470 /* WLPlayer */,
			);
			sourceTree = "<group>";
		};
		36897ED4228B09A500221470 /* Products */ = {
			isa = PBXGroup;
			children = (
				36897ED3228B09A500221470 /* WLPlayer.app */,
			);
			name = Products;
			sourceTree = "<group>";
		};
		36897ED5228B09A500221470 /* WLPlayer */ = {
			isa = PBXGroup;
			children = (
				36897F01228B0EF700221470 /* Class */,
				36897F12228B0F1000221470 /* Common */,
				36897F45228B0F1F00221470 /* Support Files */,
			);
			path = WLPlayer;
			sourceTree = "<group>";
		};
		36897EE8228B0E1500221470 /* WLKit */ = {
			isa = PBXGroup;
			children = (
				36897EE9228B0E1500221470 /* UI */,
				36897EF4228B0E1500221470 /* Extension */,
			);
			path = WLKit;
			sourceTree = "<group>";
		};
		36897EE9228B0E1500221470 /* UI */ = {
			isa = PBXGroup;
			children = (
				36897EEA228B0E1500221470 /* TableView */,
				36897EF2228B0E1500221470 /* Protocol */,
			);
			path = UI;
			sourceTree = "<group>";
		};
		36897EEA228B0E1500221470 /* TableView */ = {
			isa = PBXGroup;
			children = (
				36897EEB228B0E1500221470 /* Protocol */,
				36897EEE228B0E1500221470 /* View */,
			);
			path = TableView;
			sourceTree = "<group>";
		};
		36897EEB228B0E1500221470 /* Protocol */ = {
			isa = PBXGroup;
			children = (
				36897EEC228B0E1500221470 /* WLTableViewDelegate.swift */,
				36897EED228B0E1500221470 /* WLTableViewCellData.swift */,
			);
			path = Protocol;
			sourceTree = "<group>";
		};
		36897EEE228B0E1500221470 /* View */ = {
			isa = PBXGroup;
			children = (
				36897EEF228B0E1500221470 /* WLTableView.swift */,
				36897EF0228B0E1500221470 /* WLTableViewOverlay.swift */,
				36897EF1228B0E1500221470 /* WLTableViewCell.swift */,
			);
			path = View;
			sourceTree = "<group>";
		};
		36897EF2228B0E1500221470 /* Protocol */ = {
			isa = PBXGroup;
			children = (
				36897EF3228B0E1500221470 /* WLUIEventDelegate.swift */,
			);
			path = Protocol;
			sourceTree = "<group>";
		};
		36897EF4228B0E1500221470 /* Extension */ = {
			isa = PBXGroup;
			children = (
				36897EF5228B0E1500221470 /* UIView+WLKit.swift */,
				36897EF6228B0E1500221470 /* UIColor+WLKit.swift */,
				36897EF7228B0E1500221470 /* String+WLKit.swift */,
			);
			path = Extension;
			sourceTree = "<group>";
		};
		36897F01228B0EF700221470 /* Class */ = {
			isa = PBXGroup;
			children = (
				362FE8CA228C2E60001ED4B9 /* Download */,
				36897F4E228B137400221470 /* Home */,
				36897F0A228B0EF700221470 /* Main */,
			);
			path = Class;
			sourceTree = "<group>";
		};
		36897F0A228B0EF700221470 /* Main */ = {
			isa = PBXGroup;
			children = (
				36897F0B228B0EF700221470 /* WPMainTabBarController.swift */,
			);
			path = Main;
			sourceTree = "<group>";
		};
		36897F12228B0F1000221470 /* Common */ = {
			isa = PBXGroup;
			children = (
				36897F13228B0F1000221470 /* UI */,
				36897F17228B0F1000221470 /* Extension */,
				36897F1F228B0F1000221470 /* Other */,
				36897F22228B0F1000221470 /* Const */,
				36897F24228B0F1000221470 /* Sandbox */,
				36897F28228B0F1000221470 /* Player */,
			);
			path = Common;
			sourceTree = "<group>";
		};
		36897F13228B0F1000221470 /* UI */ = {
			isa = PBXGroup;
			children = (
				36897F14228B0F1000221470 /* Base */,
			);
			path = UI;
			sourceTree = "<group>";
		};
		36897F14228B0F1000221470 /* Base */ = {
			isa = PBXGroup;
			children = (
				36897F15228B0F1000221470 /* WPBaseViewController.swift */,
				36897F16228B0F1000221470 /* WPBaseNavigationController.swift */,
			);
			path = Base;
			sourceTree = "<group>";
		};
		36897F17228B0F1000221470 /* Extension */ = {
			isa = PBXGroup;
			children = (
				36897F18228B0F1000221470 /* SwiftyBeaver+WP.swift */,
				36897F19228B0F1000221470 /* UIViewController+WP.swift */,
				36897F1A228B0F1000221470 /* UIColor+WP.swift */,
			);
			path = Extension;
			sourceTree = "<group>";
		};
		36897F1F228B0F1000221470 /* Other */ = {
			isa = PBXGroup;
			children = (
				36897ED6228B09A500221470 /* WPAppDelegate.swift */,
				36897F4A228B122600221470 /* WLPlayer-Bridging-Header.h */,
			);
			path = Other;
			sourceTree = "<group>";
		};
		36897F22228B0F1000221470 /* Const */ = {
			isa = PBXGroup;
			children = (
				36897F23228B0F1000221470 /* HGConst.swift */,
			);
			path = Const;
			sourceTree = "<group>";
		};
		36897F24228B0F1000221470 /* Sandbox */ = {
			isa = PBXGroup;
			children = (
				36897F25228B0F1000221470 /* HGSandbox.swift */,
			);
			path = Sandbox;
			sourceTree = "<group>";
		};
		36897F28228B0F1000221470 /* Player */ = {
			isa = PBXGroup;
			children = (
				36897F2A228B0F1000221470 /* Component */,
				36897F29228B0F1000221470 /* HGPlayerComponent.swift */,
				36897F32228B0F1000221470 /* HGPlayerManager.swift */,
			);
			path = Player;
			sourceTree = "<group>";
		};
		36897F2A228B0F1000221470 /* Component */ = {
			isa = PBXGroup;
			children = (
				36897F2B228B0F1000221470 /* ControlPanel */,
				36897F2E228B0F1000221470 /* Overlay */,
			);
			path = Component;
			sourceTree = "<group>";
		};
		36897F2B228B0F1000221470 /* ControlPanel */ = {
			isa = PBXGroup;
			children = (
				36897F2C228B0F1000221470 /* HGPlayerControlPanel.swift */,
				36897F2D228B0F1000221470 /* HGPlayerControlPanel.xib */,
			);
			path = ControlPanel;
			sourceTree = "<group>";
		};
		36897F2E228B0F1000221470 /* Overlay */ = {
			isa = PBXGroup;
			children = (
				36897F2F228B0F1000221470 /* HGRecommendCell.swift */,
				36897F30228B0F1000221470 /* HGPlayerOverlay.swift */,
				36897F31228B0F1000221470 /* HGRecommendCell.xib */,
			);
			path = Overlay;
			sourceTree = "<group>";
		};
		36897F45228B0F1F00221470 /* Support Files */ = {
			isa = PBXGroup;
			children = (
				36897EDD228B09A500221470 /* Assets.xcassets */,
				36897EE2228B09A500221470 /* Info.plist */,
			);
			path = "Support Files";
			sourceTree = "<group>";
		};
		36897F4E228B137400221470 /* Home */ = {
			isa = PBXGroup;
			children = (
				36897F4F228B138B00221470 /* WPHomeViewController.swift */,
			);
			path = Home;
			sourceTree = "<group>";
		};
		7F52BE69E61A4093A606E934 /* Frameworks */ = {
			isa = PBXGroup;
			children = (
				389CAE9E33E41FDA3C215523 /* Pods_WLPlayer.framework */,
			);
			name = Frameworks;
			sourceTree = "<group>";
		};
		CC64EDE7352A976C23B0FE38 /* Pods */ = {
			isa = PBXGroup;
			children = (
				38908A87B9442792D6618DDB /* Pods-WLPlayer.debug.xcconfig */,
				74450B78A072D7E69BD4283B /* Pods-WLPlayer.release.xcconfig */,
			);
			path = Pods;
			sourceTree = "<group>";
		};
/* End PBXGroup section */

/* Begin PBXNativeTarget section */
		36897ED2228B09A500221470 /* WLPlayer */ = {
			isa = PBXNativeTarget;
			buildConfigurationList = 36897EE5228B09A500221470 /* Build configuration list for PBXNativeTarget "WLPlayer" */;
			buildPhases = (
				5D61D83406A598379CB9A6F9 /* [CP] Check Pods Manifest.lock */,
				36897ECF228B09A500221470 /* Sources */,
				36897ED0228B09A500221470 /* Frameworks */,
				36897ED1228B09A500221470 /* Resources */,
				F13685DB2CAB70B24A5B5986 /* [CP] Embed Pods Frameworks */,
				362FE8C9228C1B86001ED4B9 /* ShellScript */,
			);
			buildRules = (
			);
			dependencies = (
			);
			name = WLPlayer;
			productName = WLPlayer;
			productReference = 36897ED3228B09A500221470 /* WLPlayer.app */;
			productType = "com.apple.product-type.application";
		};
/* End PBXNativeTarget section */

/* Begin PBXProject section */
		36897ECB228B09A500221470 /* Project object */ = {
			isa = PBXProject;
			attributes = {
				CLASSPREFIX = WP;
				LastSwiftUpdateCheck = 1020;
				LastUpgradeCheck = 1020;
				ORGANIZATIONNAME = Willie;
				TargetAttributes = {
					36897ED2228B09A500221470 = {
						CreatedOnToolsVersion = 10.2.1;
						LastSwiftMigration = 1020;
						SystemCapabilities = {
							com.apple.BackgroundModes = {
								enabled = 1;
							};
						};
					};
				};
			};
			buildConfigurationList = 36897ECE228B09A500221470 /* Build configuration list for PBXProject "WLPlayer" */;
			compatibilityVersion = "Xcode 10.0";
			developmentRegion = en;
			hasScannedForEncodings = 0;
			knownRegions = (
				en,
				Base,
			);
			mainGroup = 36897ECA228B09A500221470;
			productRefGroup = 36897ED4228B09A500221470 /* Products */;
			projectDirPath = "";
			projectRoot = "";
			targets = (
				36897ED2228B09A500221470 /* WLPlayer */,
			);
		};
/* End PBXProject section */

/* Begin PBXResourcesBuildPhase section */
		36897ED1228B09A500221470 /* Resources */ = {
			isa = PBXResourcesBuildPhase;
			buildActionMask = 2147483647;
			files = (
				36897EDE228B09A500221470 /* Assets.xcassets in Resources */,
				36897F40228B0F1000221470 /* HGPlayerControlPanel.xib in Resources */,
				36897F43228B0F1000221470 /* HGRecommendCell.xib in Resources */,
			);
			runOnlyForDeploymentPostprocessing = 0;
		};
/* End PBXResourcesBuildPhase section */

/* Begin PBXShellScriptBuildPhase section */
		362FE8C9228C1B86001ED4B9 /* ShellScript */ = {
			isa = PBXShellScriptBuildPhase;
			buildActionMask = 2147483647;
			files = (
			);
			inputFileListPaths = (
			);
			inputPaths = (
			);
			outputFileListPaths = (
			);
			outputPaths = (
			);
			runOnlyForDeploymentPostprocessing = 0;
			shellPath = /bin/sh;
			shellScript = "\"${PODS_ROOT}/Fabric/run\" 7f4aca39ea23feb4f9df5aa1af60f9360d2651f4 9e491379741cc480139e85e1b8fe98bfab0c9592886bf9647abd43e92ec2ecba\n";
		};
		5D61D83406A598379CB9A6F9 /* [CP] Check Pods Manifest.lock */ = {
			isa = PBXShellScriptBuildPhase;
			buildActionMask = 2147483647;
			files = (
			);
			inputFileListPaths = (
			);
			inputPaths = (
				"${PODS_PODFILE_DIR_PATH}/Podfile.lock",
				"${PODS_ROOT}/Manifest.lock",
			);
			name = "[CP] Check Pods Manifest.lock";
			outputFileListPaths = (
			);
			outputPaths = (
				"$(DERIVED_FILE_DIR)/Pods-WLPlayer-checkManifestLockResult.txt",
			);
			runOnlyForDeploymentPostprocessing = 0;
			shellPath = /bin/sh;
			shellScript = "diff \"${PODS_PODFILE_DIR_PATH}/Podfile.lock\" \"${PODS_ROOT}/Manifest.lock\" > /dev/null\nif [ $? != 0 ] ; then\n    # print error to STDERR\n    echo \"error: The sandbox is not in sync with the Podfile.lock. Run 'pod install' or update your CocoaPods installation.\" >&2\n    exit 1\nfi\n# This output is used by Xcode 'outputs' to avoid re-running this script phase.\necho \"SUCCESS\" > \"${SCRIPT_OUTPUT_FILE_0}\"\n";
			showEnvVarsInLog = 0;
		};
		F13685DB2CAB70B24A5B5986 /* [CP] Embed Pods Frameworks */ = {
			isa = PBXShellScriptBuildPhase;
			buildActionMask = 2147483647;
			files = (
			);
			inputFileListPaths = (
				"${PODS_ROOT}/Target Support Files/Pods-WLPlayer/Pods-WLPlayer-frameworks-${CONFIGURATION}-input-files.xcfilelist",
			);
			name = "[CP] Embed Pods Frameworks";
			outputFileListPaths = (
				"${PODS_ROOT}/Target Support Files/Pods-WLPlayer/Pods-WLPlayer-frameworks-${CONFIGURATION}-output-files.xcfilelist",
			);
			runOnlyForDeploymentPostprocessing = 0;
			shellPath = /bin/sh;
			shellScript = "\"${PODS_ROOT}/Target Support Files/Pods-WLPlayer/Pods-WLPlayer-frameworks.sh\"\n";
			showEnvVarsInLog = 0;
		};
/* End PBXShellScriptBuildPhase section */

/* Begin PBXSourcesBuildPhase section */
		36897ECF228B09A500221470 /* Sources */ = {
			isa = PBXSourcesBuildPhase;
			buildActionMask = 2147483647;
			files = (
				36897EFD228B0E1500221470 /* WLUIEventDelegate.swift in Sources */,
				36897EFE228B0E1500221470 /* UIView+WLKit.swift in Sources */,
				36897F37228B0F1000221470 /* UIColor+WP.swift in Sources */,
				36897F3C228B0F1000221470 /* HGSandbox.swift in Sources */,
				36897F41228B0F1000221470 /* HGRecommendCell.swift in Sources */,
				36897F3E228B0F1000221470 /* HGPlayerComponent.swift in Sources */,
				36897F44228B0F1000221470 /* HGPlayerManager.swift in Sources */,
				36897F3F228B0F1000221470 /* HGPlayerControlPanel.swift in Sources */,
				36897EF9228B0E1500221470 /* WLTableViewCellData.swift in Sources */,
				36897EFF228B0E1500221470 /* UIColor+WLKit.swift in Sources */,
				36897F33228B0F1000221470 /* WPBaseViewController.swift in Sources */,
				36897F34228B0F1000221470 /* WPBaseNavigationController.swift in Sources */,
				36897F35228B0F1000221470 /* SwiftyBeaver+WP.swift in Sources */,
				36897EF8228B0E1500221470 /* WLTableViewDelegate.swift in Sources */,
				36897EFB228B0E1500221470 /* WLTableViewOverlay.swift in Sources */,
				36897F42228B0F1000221470 /* HGPlayerOverlay.swift in Sources */,
				36897ED7228B09A500221470 /* WPAppDelegate.swift in Sources */,
				36897F3B228B0F1000221470 /* HGConst.swift in Sources */,
				36897F11228B0EF700221470 /* WPMainTabBarController.swift in Sources */,
				36897F36228B0F1000221470 /* UIViewController+WP.swift in Sources */,
				36897F50228B138B00221470 /* WPHomeViewController.swift in Sources */,
				362FE8CC228C2E73001ED4B9 /* WPDownloadViewController.swift in Sources */,
				36897EFC228B0E1500221470 /* WLTableViewCell.swift in Sources */,
				36897F00228B0E1500221470 /* String+WLKit.swift in Sources */,
				36897EFA228B0E1500221470 /* WLTableView.swift in Sources */,
			);
			runOnlyForDeploymentPostprocessing = 0;
		};
/* End PBXSourcesBuildPhase section */

/* Begin XCBuildConfiguration section */
		36897EE3228B09A500221470 /* Debug */ = {
			isa = XCBuildConfiguration;
			buildSettings = {
				ALWAYS_SEARCH_USER_PATHS = NO;
				CLANG_ANALYZER_NONNULL = YES;
				CLANG_ANALYZER_NUMBER_OBJECT_CONVERSION = YES_AGGRESSIVE;
				CLANG_CXX_LANGUAGE_STANDARD = "gnu++14";
				CLANG_CXX_LIBRARY = "libc++";
				CLANG_ENABLE_MODULES = YES;
				CLANG_ENABLE_OBJC_ARC = YES;
				CLANG_ENABLE_OBJC_WEAK = YES;
				CLANG_WARN_BLOCK_CAPTURE_AUTORELEASING = YES;
				CLANG_WARN_BOOL_CONVERSION = YES;
				CLANG_WARN_COMMA = YES;
				CLANG_WARN_CONSTANT_CONVERSION = YES;
				CLANG_WARN_DEPRECATED_OBJC_IMPLEMENTATIONS = YES;
				CLANG_WARN_DIRECT_OBJC_ISA_USAGE = YES_ERROR;
				CLANG_WARN_DOCUMENTATION_COMMENTS = YES;
				CLANG_WARN_EMPTY_BODY = YES;
				CLANG_WARN_ENUM_CONVERSION = YES;
				CLANG_WARN_INFINITE_RECURSION = YES;
				CLANG_WARN_INT_CONVERSION = YES;
				CLANG_WARN_NON_LITERAL_NULL_CONVERSION = YES;
				CLANG_WARN_OBJC_IMPLICIT_RETAIN_SELF = YES;
				CLANG_WARN_OBJC_LITERAL_CONVERSION = YES;
				CLANG_WARN_OBJC_ROOT_CLASS = YES_ERROR;
				CLANG_WARN_RANGE_LOOP_ANALYSIS = YES;
				CLANG_WARN_STRICT_PROTOTYPES = YES;
				CLANG_WARN_SUSPICIOUS_MOVE = YES;
				CLANG_WARN_UNGUARDED_AVAILABILITY = YES_AGGRESSIVE;
				CLANG_WARN_UNREACHABLE_CODE = YES;
				CLANG_WARN__DUPLICATE_METHOD_MATCH = YES;
				CODE_SIGN_IDENTITY = "iPhone Developer";
				COPY_PHASE_STRIP = NO;
				DEBUG_INFORMATION_FORMAT = dwarf;
				ENABLE_STRICT_OBJC_MSGSEND = YES;
				ENABLE_TESTABILITY = YES;
				GCC_C_LANGUAGE_STANDARD = gnu11;
				GCC_DYNAMIC_NO_PIC = NO;
				GCC_NO_COMMON_BLOCKS = YES;
				GCC_OPTIMIZATION_LEVEL = 0;
				GCC_PREPROCESSOR_DEFINITIONS = (
					"DEBUG=1",
					"$(inherited)",
				);
				GCC_WARN_64_TO_32_BIT_CONVERSION = YES;
				GCC_WARN_ABOUT_RETURN_TYPE = YES_ERROR;
				GCC_WARN_UNDECLARED_SELECTOR = YES;
				GCC_WARN_UNINITIALIZED_AUTOS = YES_AGGRESSIVE;
				GCC_WARN_UNUSED_FUNCTION = YES;
				GCC_WARN_UNUSED_VARIABLE = YES;
				IPHONEOS_DEPLOYMENT_TARGET = 12.2;
				MTL_ENABLE_DEBUG_INFO = INCLUDE_SOURCE;
				MTL_FAST_MATH = YES;
				ONLY_ACTIVE_ARCH = YES;
				SDKROOT = iphoneos;
				SWIFT_ACTIVE_COMPILATION_CONDITIONS = DEBUG;
				SWIFT_OPTIMIZATION_LEVEL = "-Onone";
			};
			name = Debug;
		};
		36897EE4228B09A500221470 /* Release */ = {
			isa = XCBuildConfiguration;
			buildSettings = {
				ALWAYS_SEARCH_USER_PATHS = NO;
				CLANG_ANALYZER_NONNULL = YES;
				CLANG_ANALYZER_NUMBER_OBJECT_CONVERSION = YES_AGGRESSIVE;
				CLANG_CXX_LANGUAGE_STANDARD = "gnu++14";
				CLANG_CXX_LIBRARY = "libc++";
				CLANG_ENABLE_MODULES = YES;
				CLANG_ENABLE_OBJC_ARC = YES;
				CLANG_ENABLE_OBJC_WEAK = YES;
				CLANG_WARN_BLOCK_CAPTURE_AUTORELEASING = YES;
				CLANG_WARN_BOOL_CONVERSION = YES;
				CLANG_WARN_COMMA = YES;
				CLANG_WARN_CONSTANT_CONVERSION = YES;
				CLANG_WARN_DEPRECATED_OBJC_IMPLEMENTATIONS = YES;
				CLANG_WARN_DIRECT_OBJC_ISA_USAGE = YES_ERROR;
				CLANG_WARN_DOCUMENTATION_COMMENTS = YES;
				CLANG_WARN_EMPTY_BODY = YES;
				CLANG_WARN_ENUM_CONVERSION = YES;
				CLANG_WARN_INFINITE_RECURSION = YES;
				CLANG_WARN_INT_CONVERSION = YES;
				CLANG_WARN_NON_LITERAL_NULL_CONVERSION = YES;
				CLANG_WARN_OBJC_IMPLICIT_RETAIN_SELF = YES;
				CLANG_WARN_OBJC_LITERAL_CONVERSION = YES;
				CLANG_WARN_OBJC_ROOT_CLASS = YES_ERROR;
				CLANG_WARN_RANGE_LOOP_ANALYSIS = YES;
				CLANG_WARN_STRICT_PROTOTYPES = YES;
				CLANG_WARN_SUSPICIOUS_MOVE = YES;
				CLANG_WARN_UNGUARDED_AVAILABILITY = YES_AGGRESSIVE;
				CLANG_WARN_UNREACHABLE_CODE = YES;
				CLANG_WARN__DUPLICATE_METHOD_MATCH = YES;
				CODE_SIGN_IDENTITY = "iPhone Developer";
				COPY_PHASE_STRIP = NO;
				DEBUG_INFORMATION_FORMAT = "dwarf-with-dsym";
				ENABLE_NS_ASSERTIONS = NO;
				ENABLE_STRICT_OBJC_MSGSEND = YES;
				GCC_C_LANGUAGE_STANDARD = gnu11;
				GCC_NO_COMMON_BLOCKS = YES;
				GCC_WARN_64_TO_32_BIT_CONVERSION = YES;
				GCC_WARN_ABOUT_RETURN_TYPE = YES_ERROR;
				GCC_WARN_UNDECLARED_SELECTOR = YES;
				GCC_WARN_UNINITIALIZED_AUTOS = YES_AGGRESSIVE;
				GCC_WARN_UNUSED_FUNCTION = YES;
				GCC_WARN_UNUSED_VARIABLE = YES;
				IPHONEOS_DEPLOYMENT_TARGET = 12.2;
				MTL_ENABLE_DEBUG_INFO = NO;
				MTL_FAST_MATH = YES;
				SDKROOT = iphoneos;
				SWIFT_COMPILATION_MODE = wholemodule;
				SWIFT_OPTIMIZATION_LEVEL = "-O";
				VALIDATE_PRODUCT = YES;
			};
			name = Release;
		};
		36897EE6228B09A500221470 /* Debug */ = {
			isa = XCBuildConfiguration;
			baseConfigurationReference = 38908A87B9442792D6618DDB /* Pods-WLPlayer.debug.xcconfig */;
			buildSettings = {
				ASSETCATALOG_COMPILER_APPICON_NAME = AppIcon;
				ASSETCATALOG_COMPILER_LAUNCHIMAGE_NAME = LaunchImage;
				CLANG_ENABLE_MODULES = YES;
				CODE_SIGN_STYLE = Automatic;
				DEVELOPMENT_TEAM = 625VCK4L2Z;
				INFOPLIST_FILE = WLPlayer/Info.plist;
				LD_RUNPATH_SEARCH_PATHS = (
					"$(inherited)",
					"@executable_path/Frameworks",
				);
				OTHER_LDFLAGS = (
					"$(inherited)",
					"-ObjC",
					"-l\"bz2\"",
					"-l\"c++\"",
					"-l\"z\"",
					"-framework",
					"\"AVFoundation\"",
					"-framework",
					"\"AudioToolbox\"",
					"-framework",
					"\"CoreMedia\"",
					"-framework",
					"\"Crashlytics\"",
					"-framework",
					"\"Fabric\"",
					"-framework",
					"\"QuartzCore\"",
					"-framework",
					"\"SVProgressHUD\"",
					"-framework",
					"\"Security\"",
					"-framework",
					"\"SnapKit\"",
					"-framework",
					"\"SwiftyBeaver\"",
					"-framework",
					"\"SystemConfiguration\"",
					"-framework",
					"\"UIKit\"",
					"-framework",
					"\"VideoToolbox\"",
					"-framework",
					"\"expat\"",
					"-framework",
					"\"fontconfig\"",
					"-framework",
					"\"freetype\"",
					"-framework",
					"\"fribidi\"",
					"-framework",
					"\"giflib\"",
					"-framework",
					"\"gmp\"",
					"-framework",
					"\"gnutls\"",
					"-framework",
					"\"jpeg\"",
					"-framework",
					"\"kvazaar\"",
					"-framework",
					"\"lame\"",
					"-framework",
					"\"libaom\"",
					"-framework",
					"\"libass\"",
					"-framework",
					"\"libavcodec\"",
					"-framework",
					"\"libavdevice\"",
					"-framework",
					"\"libavfilter\"",
					"-framework",
					"\"libavformat\"",
					"-framework",
					"\"libavutil\"",
					"-framework",
					"\"libcharset\"",
					"-framework",
					"\"libhogweed\"",
					"-framework",
					"\"libiconv\"",
					"-framework",
					"\"libilbc\"",
					"-framework",
					"\"libnettle\"",
					"-framework",
					"\"libogg\"",
					"-framework",
					"\"libopencore-amrnb\"",
					"-framework",
					"\"libopencore-amrwb\"",
					"-framework",
					"\"libpng\"",
					"-framework",
					"\"libsndfile\"",
					"-framework",
					"\"libswresample\"",
					"-framework",
					"\"libswscale\"",
					"-framework",
					"\"libtheora\"",
					"-framework",
					"\"libtheoradec\"",
					"-framework",
					"\"libtheoraenc\"",
					"-framework",
					"\"libuuid\"",
					"-framework",
					"\"libvorbis\"",
					"-framework",
					"\"libvorbisenc\"",
					"-framework",
					"\"libvorbisfile\"",
					"-framework",
					"\"libvpx\"",
					"-framework",
					"\"libwebp\"",
					"-framework",
					"\"libwebpdecoder\"",
					"-framework",
					"\"libwebpdemux\"",
					"-framework",
					"\"libxml2\"",
					"-framework",
					"\"mobileffmpeg\"",
					"-framework",
					"\"opus\"",
					"-framework",
					"\"shine\"",
					"-framework",
					"\"snappy\"",
					"-framework",
					"\"soxr\"",
					"-framework",
					"\"speex\"",
					"-framework",
					"\"tiff\"",
					"-framework",
					"\"twolame\"",
					"-framework",
					"\"wavpack\"",
					"-Wl,-no_compact_unwind",
				);
				PRODUCT_BUNDLE_IDENTIFIER = com.Willie.WLPlayer;
				PRODUCT_NAME = "$(TARGET_NAME)";
				SWIFT_OBJC_BRIDGING_HEADER = "WLPlayer/Common/Other/WLPlayer-Bridging-Header.h";
				SWIFT_OPTIMIZATION_LEVEL = "-Onone";
				SWIFT_VERSION = 5.0;
				TARGETED_DEVICE_FAMILY = "1,2";
			};
			name = Debug;
		};
		36897EE7228B09A500221470 /* Release */ = {
			isa = XCBuildConfiguration;
			baseConfigurationReference = 74450B78A072D7E69BD4283B /* Pods-WLPlayer.release.xcconfig */;
			buildSettings = {
				ASSETCATALOG_COMPILER_APPICON_NAME = AppIcon;
				ASSETCATALOG_COMPILER_LAUNCHIMAGE_NAME = LaunchImage;
				CLANG_ENABLE_MODULES = YES;
				CODE_SIGN_STYLE = Automatic;
				DEVELOPMENT_TEAM = 625VCK4L2Z;
				INFOPLIST_FILE = WLPlayer/Info.plist;
				LD_RUNPATH_SEARCH_PATHS = (
					"$(inherited)",
					"@executable_path/Frameworks",
				);
				OTHER_LDFLAGS = (
					"$(inherited)",
					"-ObjC",
					"-l\"bz2\"",
					"-l\"c++\"",
					"-l\"z\"",
					"-framework",
					"\"AVFoundation\"",
					"-framework",
					"\"AudioToolbox\"",
					"-framework",
					"\"CoreMedia\"",
					"-framework",
					"\"Crashlytics\"",
					"-framework",
					"\"Fabric\"",
					"-framework",
					"\"QuartzCore\"",
					"-framework",
					"\"SVProgressHUD\"",
					"-framework",
					"\"Security\"",
					"-framework",
					"\"SnapKit\"",
					"-framework",
					"\"SwiftyBeaver\"",
					"-framework",
					"\"SystemConfiguration\"",
					"-framework",
					"\"UIKit\"",
					"-framework",
					"\"VideoToolbox\"",
					"-framework",
					"\"expat\"",
					"-framework",
					"\"fontconfig\"",
					"-framework",
					"\"freetype\"",
					"-framework",
					"\"fribidi\"",
					"-framework",
					"\"giflib\"",
					"-framework",
					"\"gmp\"",
					"-framework",
					"\"gnutls\"",
					"-framework",
					"\"jpeg\"",
					"-framework",
					"\"kvazaar\"",
					"-framework",
					"\"lame\"",
					"-framework",
					"\"libaom\"",
					"-framework",
					"\"libass\"",
					"-framework",
					"\"libavcodec\"",
					"-framework",
					"\"libavdevice\"",
					"-framework",
					"\"libavfilter\"",
					"-framework",
					"\"libavformat\"",
					"-framework",
					"\"libavutil\"",
					"-framework",
					"\"libcharset\"",
					"-framework",
					"\"libhogweed\"",
					"-framework",
					"\"libiconv\"",
					"-framework",
					"\"libilbc\"",
					"-framework",
					"\"libnettle\"",
					"-framework",
					"\"libogg\"",
					"-framework",
					"\"libopencore-amrnb\"",
					"-framework",
					"\"libopencore-amrwb\"",
					"-framework",
					"\"libpng\"",
					"-framework",
					"\"libsndfile\"",
					"-framework",
					"\"libswresample\"",
					"-framework",
					"\"libswscale\"",
					"-framework",
					"\"libtheora\"",
					"-framework",
					"\"libtheoradec\"",
					"-framework",
					"\"libtheoraenc\"",
					"-framework",
					"\"libuuid\"",
					"-framework",
					"\"libvorbis\"",
					"-framework",
					"\"libvorbisenc\"",
					"-framework",
					"\"libvorbisfile\"",
					"-framework",
					"\"libvpx\"",
					"-framework",
					"\"libwebp\"",
					"-framework",
					"\"libwebpdecoder\"",
					"-framework",
					"\"libwebpdemux\"",
					"-framework",
					"\"libxml2\"",
					"-framework",
					"\"mobileffmpeg\"",
					"-framework",
					"\"opus\"",
					"-framework",
					"\"shine\"",
					"-framework",
					"\"snappy\"",
					"-framework",
					"\"soxr\"",
					"-framework",
					"\"speex\"",
					"-framework",
					"\"tiff\"",
					"-framework",
					"\"twolame\"",
					"-framework",
					"\"wavpack\"",
					"-Wl,-no_compact_unwind",
				);
				PRODUCT_BUNDLE_IDENTIFIER = com.Willie.WLPlayer;
				PRODUCT_NAME = "$(TARGET_NAME)";
				SWIFT_OBJC_BRIDGING_HEADER = "WLPlayer/Common/Other/WLPlayer-Bridging-Header.h";
				SWIFT_VERSION = 5.0;
				TARGETED_DEVICE_FAMILY = "1,2";
			};
			name = Release;
		};
/* End XCBuildConfiguration section */

/* Begin XCConfigurationList section */
		36897ECE228B09A500221470 /* Build configuration list for PBXProject "WLPlayer" */ = {
			isa = XCConfigurationList;
			buildConfigurations = (
				36897EE3228B09A500221470 /* Debug */,
				36897EE4228B09A500221470 /* Release */,
			);
			defaultConfigurationIsVisible = 0;
			defaultConfigurationName = Release;
		};
		36897EE5228B09A500221470 /* Build configuration list for PBXNativeTarget "WLPlayer" */ = {
			isa = XCConfigurationList;
			buildConfigurations = (
				36897EE6228B09A500221470 /* Debug */,
				36897EE7228B09A500221470 /* Release */,
			);
			defaultConfigurationIsVisible = 0;
			defaultConfigurationName = Release;
		};
/* End XCConfigurationList section */
	};
	rootObject = 36897ECB228B09A500221470 /* Project object */;
}
