// !$*UTF8*$!
{
	archiveVersion = 1;
	classes = {
	};
	objectVersion = 50;
	objects = {

/* Begin PBXBuildFile section */
		36897ED7228B09A500221470 /* AppDelegate.swift in Sources */ = {isa = PBXBuildFile; fileRef = 36897ED6228B09A500221470 /* AppDelegate.swift */; };
		36897ED9228B09A500221470 /* ViewController.swift in Sources */ = {isa = PBXBuildFile; fileRef = 36897ED8228B09A500221470 /* ViewController.swift */; };
		36897EDC228B09A500221470 /* Main.storyboard in Resources */ = {isa = PBXBuildFile; fileRef = 36897EDA228B09A500221470 /* Main.storyboard */; };
		36897EDE228B09A500221470 /* Assets.xcassets in Resources */ = {isa = PBXBuildFile; fileRef = 36897EDD228B09A500221470 /* Assets.xcassets */; };
		36897EE1228B09A500221470 /* LaunchScreen.storyboard in Resources */ = {isa = PBXBuildFile; fileRef = 36897EDF228B09A500221470 /* LaunchScreen.storyboard */; };
		8906B98E678E38D1370E9378 /* Pods_WLPlayer.framework in Frameworks */ = {isa = PBXBuildFile; fileRef = 389CAE9E33E41FDA3C215523 /* Pods_WLPlayer.framework */; };
/* End PBXBuildFile section */

/* Begin PBXFileReference section */
		36897ED3228B09A500221470 /* WLPlayer.app */ = {isa = PBXFileReference; explicitFileType = wrapper.application; includeInIndex = 0; path = WLPlayer.app; sourceTree = BUILT_PRODUCTS_DIR; };
		36897ED6228B09A500221470 /* AppDelegate.swift */ = {isa = PBXFileReference; lastKnownFileType = sourcecode.swift; path = AppDelegate.swift; sourceTree = "<group>"; };
		36897ED8228B09A500221470 /* ViewController.swift */ = {isa = PBXFileReference; lastKnownFileType = sourcecode.swift; path = ViewController.swift; sourceTree = "<group>"; };
		36897EDB228B09A500221470 /* Base */ = {isa = PBXFileReference; lastKnownFileType = file.storyboard; name = Base; path = Base.lproj/Main.storyboard; sourceTree = "<group>"; };
		36897EDD228B09A500221470 /* Assets.xcassets */ = {isa = PBXFileReference; lastKnownFileType = folder.assetcatalog; path = Assets.xcassets; sourceTree = "<group>"; };
		36897EE0228B09A500221470 /* Base */ = {isa = PBXFileReference; lastKnownFileType = file.storyboard; name = Base; path = Base.lproj/LaunchScreen.storyboard; sourceTree = "<group>"; };
		36897EE2228B09A500221470 /* Info.plist */ = {isa = PBXFileReference; lastKnownFileType = text.plist.xml; path = Info.plist; sourceTree = "<group>"; };
		38908A87B9442792D6618DDB /* Pods-WLPlayer.debug.xcconfig */ = {isa = PBXFileReference; includeInIndex = 1; lastKnownFileType = text.xcconfig; name = "Pods-WLPlayer.debug.xcconfig"; path = "Target Support Files/Pods-WLPlayer/Pods-WLPlayer.debug.xcconfig"; sourceTree = "<group>"; };
		389CAE9E33E41FDA3C215523 /* Pods_WLPlayer.framework */ = {isa = PBXFileReference; explicitFileType = wrapper.framework; includeInIndex = 0; path = Pods_WLPlayer.framework; sourceTree = BUILT_PRODUCTS_DIR; };
		74450B78A072D7E69BD4283B /* Pods-WLPlayer.release.xcconfig */ = {isa = PBXFileReference; includeInIndex = 1; lastKnownFileType = text.xcconfig; name = "Pods-WLPlayer.release.xcconfig"; path = "Target Support Files/Pods-WLPlayer/Pods-WLPlayer.release.xcconfig"; sourceTree = "<group>"; };
/* End PBXFileReference section */

/* Begin PBXFrameworksBuildPhase section */
		36897ED0228B09A500221470 /* Frameworks */ = {
			isa = PBXFrameworksBuildPhase;
			buildActionMask = 2147483647;
			files = (
				8906B98E678E38D1370E9378 /* Pods_WLPlayer.framework in Frameworks */,
			);
			runOnlyForDeploymentPostprocessing = 0;
		};
/* End PBXFrameworksBuildPhase section */

/* Begin PBXGroup section */
		36897ECA228B09A500221470 = {
			isa = PBXGroup;
			children = (
				36897ED5228B09A500221470 /* WLPlayer */,
				36897ED4228B09A500221470 /* Products */,
				CC64EDE7352A976C23B0FE38 /* Pods */,
				7F52BE69E61A4093A606E934 /* Frameworks */,
			);
			sourceTree = "<group>";
		};
		36897ED4228B09A500221470 /* Products */ = {
			isa = PBXGroup;
			children = (
				36897ED3228B09A500221470 /* WLPlayer.app */,
			);
			name = Products;
			sourceTree = "<group>";
		};
		36897ED5228B09A500221470 /* WLPlayer */ = {
			isa = PBXGroup;
			children = (
				36897ED6228B09A500221470 /* AppDelegate.swift */,
				36897ED8228B09A500221470 /* ViewController.swift */,
				36897EDA228B09A500221470 /* Main.storyboard */,
				36897EDD228B09A500221470 /* Assets.xcassets */,
				36897EDF228B09A500221470 /* LaunchScreen.storyboard */,
				36897EE2228B09A500221470 /* Info.plist */,
			);
			path = WLPlayer;
			sourceTree = "<group>";
		};
		7F52BE69E61A4093A606E934 /* Frameworks */ = {
			isa = PBXGroup;
			children = (
				389CAE9E33E41FDA3C215523 /* Pods_WLPlayer.framework */,
			);
			name = Frameworks;
			sourceTree = "<group>";
		};
		CC64EDE7352A976C23B0FE38 /* Pods */ = {
			isa = PBXGroup;
			children = (
				38908A87B9442792D6618DDB /* Pods-WLPlayer.debug.xcconfig */,
				74450B78A072D7E69BD4283B /* Pods-WLPlayer.release.xcconfig */,
			);
			name = Pods;
			path = Pods;
			sourceTree = "<group>";
		};
/* End PBXGroup section */

/* Begin PBXNativeTarget section */
		36897ED2228B09A500221470 /* WLPlayer */ = {
			isa = PBXNativeTarget;
			buildConfigurationList = 36897EE5228B09A500221470 /* Build configuration list for PBXNativeTarget "WLPlayer" */;
			buildPhases = (
				5D61D83406A598379CB9A6F9 /* [CP] Check Pods Manifest.lock */,
				36897ECF228B09A500221470 /* Sources */,
				36897ED0228B09A500221470 /* Frameworks */,
				36897ED1228B09A500221470 /* Resources */,
				F13685DB2CAB70B24A5B5986 /* [CP] Embed Pods Frameworks */,
			);
			buildRules = (
			);
			dependencies = (
			);
			name = WLPlayer;
			productName = WLPlayer;
			productReference = 36897ED3228B09A500221470 /* WLPlayer.app */;
			productType = "com.apple.product-type.application";
		};
/* End PBXNativeTarget section */

/* Begin PBXProject section */
		36897ECB228B09A500221470 /* Project object */ = {
			isa = PBXProject;
			attributes = {
				LastSwiftUpdateCheck = 1020;
				LastUpgradeCheck = 1020;
				ORGANIZATIONNAME = Willie;
				TargetAttributes = {
					36897ED2228B09A500221470 = {
						CreatedOnToolsVersion = 10.2.1;
					};
				};
			};
			buildConfigurationList = 36897ECE228B09A500221470 /* Build configuration list for PBXProject "WLPlayer" */;
			compatibilityVersion = "Xcode 9.3";
			developmentRegion = en;
			hasScannedForEncodings = 0;
			knownRegions = (
				en,
				Base,
			);
			mainGroup = 36897ECA228B09A500221470;
			productRefGroup = 36897ED4228B09A500221470 /* Products */;
			projectDirPath = "";
			projectRoot = "";
			targets = (
				36897ED2228B09A500221470 /* WLPlayer */,
			);
		};
/* End PBXProject section */

/* Begin PBXResourcesBuildPhase section */
		36897ED1228B09A500221470 /* Resources */ = {
			isa = PBXResourcesBuildPhase;
			buildActionMask = 2147483647;
			files = (
				36897EE1228B09A500221470 /* LaunchScreen.storyboard in Resources */,
				36897EDE228B09A500221470 /* Assets.xcassets in Resources */,
				36897EDC228B09A500221470 /* Main.storyboard in Resources */,
			);
			runOnlyForDeploymentPostprocessing = 0;
		};
/* End PBXResourcesBuildPhase section */

/* Begin PBXShellScriptBuildPhase section */
		5D61D83406A598379CB9A6F9 /* [CP] Check Pods Manifest.lock */ = {
			isa = PBXShellScriptBuildPhase;
			buildActionMask = 2147483647;
			files = (
			);
			inputFileListPaths = (
			);
			inputPaths = (
				"${PODS_PODFILE_DIR_PATH}/Podfile.lock",
				"${PODS_ROOT}/Manifest.lock",
			);
			name = "[CP] Check Pods Manifest.lock";
			outputFileListPaths = (
			);
			outputPaths = (
				"$(DERIVED_FILE_DIR)/Pods-WLPlayer-checkManifestLockResult.txt",
			);
			runOnlyForDeploymentPostprocessing = 0;
			shellPath = /bin/sh;
			shellScript = "diff \"${PODS_PODFILE_DIR_PATH}/Podfile.lock\" \"${PODS_ROOT}/Manifest.lock\" > /dev/null\nif [ $? != 0 ] ; then\n    # print error to STDERR\n    echo \"error: The sandbox is not in sync with the Podfile.lock. Run 'pod install' or update your CocoaPods installation.\" >&2\n    exit 1\nfi\n# This output is used by Xcode 'outputs' to avoid re-running this script phase.\necho \"SUCCESS\" > \"${SCRIPT_OUTPUT_FILE_0}\"\n";
			showEnvVarsInLog = 0;
		};
		F13685DB2CAB70B24A5B5986 /* [CP] Embed Pods Frameworks */ = {
			isa = PBXShellScriptBuildPhase;
			buildActionMask = 2147483647;
			files = (
			);
			inputFileListPaths = (
				"${PODS_ROOT}/Target Support Files/Pods-WLPlayer/Pods-WLPlayer-frameworks-${CONFIGURATION}-input-files.xcfilelist",
			);
			name = "[CP] Embed Pods Frameworks";
			outputFileListPaths = (
				"${PODS_ROOT}/Target Support Files/Pods-WLPlayer/Pods-WLPlayer-frameworks-${CONFIGURATION}-output-files.xcfilelist",
			);
			runOnlyForDeploymentPostprocessing = 0;
			shellPath = /bin/sh;
			shellScript = "\"${PODS_ROOT}/Target Support Files/Pods-WLPlayer/Pods-WLPlayer-frameworks.sh\"\n";
			showEnvVarsInLog = 0;
		};
/* End PBXShellScriptBuildPhase section */

/* Begin PBXSourcesBuildPhase section */
		36897ECF228B09A500221470 /* Sources */ = {
			isa = PBXSourcesBuildPhase;
			buildActionMask = 2147483647;
			files = (
				36897ED9228B09A500221470 /* ViewController.swift in Sources */,
				36897ED7228B09A500221470 /* AppDelegate.swift in Sources */,
			);
			runOnlyForDeploymentPostprocessing = 0;
		};
/* End PBXSourcesBuildPhase section */

/* Begin PBXVariantGroup section */
		36897EDA228B09A500221470 /* Main.storyboard */ = {
			isa = PBXVariantGroup;
			children = (
				36897EDB228B09A500221470 /* Base */,
			);
			name = Main.storyboard;
			sourceTree = "<group>";
		};
		36897EDF228B09A500221470 /* LaunchScreen.storyboard */ = {
			isa = PBXVariantGroup;
			children = (
				36897EE0228B09A500221470 /* Base */,
			);
			name = LaunchScreen.storyboard;
			sourceTree = "<group>";
		};
/* End PBXVariantGroup section */

/* Begin XCBuildConfiguration section */
		36897EE3228B09A500221470 /* Debug */ = {
			isa = XCBuildConfiguration;
			buildSettings = {
				ALWAYS_SEARCH_USER_PATHS = NO;
				CLANG_ANALYZER_NONNULL = YES;
				CLANG_ANALYZER_NUMBER_OBJECT_CONVERSION = YES_AGGRESSIVE;
				CLANG_CXX_LANGUAGE_STANDARD = "gnu++14";
				CLANG_CXX_LIBRARY = "libc++";
				CLANG_ENABLE_MODULES = YES;
				CLANG_ENABLE_OBJC_ARC = YES;
				CLANG_ENABLE_OBJC_WEAK = YES;
				CLANG_WARN_BLOCK_CAPTURE_AUTORELEASING = YES;
				CLANG_WARN_BOOL_CONVERSION = YES;
				CLANG_WARN_COMMA = YES;
				CLANG_WARN_CONSTANT_CONVERSION = YES;
				CLANG_WARN_DEPRECATED_OBJC_IMPLEMENTATIONS = YES;
				CLANG_WARN_DIRECT_OBJC_ISA_USAGE = YES_ERROR;
				CLANG_WARN_DOCUMENTATION_COMMENTS = YES;
				CLANG_WARN_EMPTY_BODY = YES;
				CLANG_WARN_ENUM_CONVERSION = YES;
				CLANG_WARN_INFINITE_RECURSION = YES;
				CLANG_WARN_INT_CONVERSION = YES;
				CLANG_WARN_NON_LITERAL_NULL_CONVERSION = YES;
				CLANG_WARN_OBJC_IMPLICIT_RETAIN_SELF = YES;
				CLANG_WARN_OBJC_LITERAL_CONVERSION = YES;
				CLANG_WARN_OBJC_ROOT_CLASS = YES_ERROR;
				CLANG_WARN_RANGE_LOOP_ANALYSIS = YES;
				CLANG_WARN_STRICT_PROTOTYPES = YES;
				CLANG_WARN_SUSPICIOUS_MOVE = YES;
				CLANG_WARN_UNGUARDED_AVAILABILITY = YES_AGGRESSIVE;
				CLANG_WARN_UNREACHABLE_CODE = YES;
				CLANG_WARN__DUPLICATE_METHOD_MATCH = YES;
				CODE_SIGN_IDENTITY = "iPhone Developer";
				COPY_PHASE_STRIP = NO;
				DEBUG_INFORMATION_FORMAT = dwarf;
				ENABLE_STRICT_OBJC_MSGSEND = YES;
				ENABLE_TESTABILITY = YES;
				GCC_C_LANGUAGE_STANDARD = gnu11;
				GCC_DYNAMIC_NO_PIC = NO;
				GCC_NO_COMMON_BLOCKS = YES;
				GCC_OPTIMIZATION_LEVEL = 0;
				GCC_PREPROCESSOR_DEFINITIONS = (
					"DEBUG=1",
					"$(inherited)",
				);
				GCC_WARN_64_TO_32_BIT_CONVERSION = YES;
				GCC_WARN_ABOUT_RETURN_TYPE = YES_ERROR;
				GCC_WARN_UNDECLARED_SELECTOR = YES;
				GCC_WARN_UNINITIALIZED_AUTOS = YES_AGGRESSIVE;
				GCC_WARN_UNUSED_FUNCTION = YES;
				GCC_WARN_UNUSED_VARIABLE = YES;
				IPHONEOS_DEPLOYMENT_TARGET = 12.2;
				MTL_ENABLE_DEBUG_INFO = INCLUDE_SOURCE;
				MTL_FAST_MATH = YES;
				ONLY_ACTIVE_ARCH = YES;
				SDKROOT = iphoneos;
				SWIFT_ACTIVE_COMPILATION_CONDITIONS = DEBUG;
				SWIFT_OPTIMIZATION_LEVEL = "-Onone";
			};
			name = Debug;
		};
		36897EE4228B09A500221470 /* Release */ = {
			isa = XCBuildConfiguration;
			buildSettings = {
				ALWAYS_SEARCH_USER_PATHS = NO;
				CLANG_ANALYZER_NONNULL = YES;
				CLANG_ANALYZER_NUMBER_OBJECT_CONVERSION = YES_AGGRESSIVE;
				CLANG_CXX_LANGUAGE_STANDARD = "gnu++14";
				CLANG_CXX_LIBRARY = "libc++";
				CLANG_ENABLE_MODULES = YES;
				CLANG_ENABLE_OBJC_ARC = YES;
				CLANG_ENABLE_OBJC_WEAK = YES;
				CLANG_WARN_BLOCK_CAPTURE_AUTORELEASING = YES;
				CLANG_WARN_BOOL_CONVERSION = YES;
				CLANG_WARN_COMMA = YES;
				CLANG_WARN_CONSTANT_CONVERSION = YES;
				CLANG_WARN_DEPRECATED_OBJC_IMPLEMENTATIONS = YES;
				CLANG_WARN_DIRECT_OBJC_ISA_USAGE = YES_ERROR;
				CLANG_WARN_DOCUMENTATION_COMMENTS = YES;
				CLANG_WARN_EMPTY_BODY = YES;
				CLANG_WARN_ENUM_CONVERSION = YES;
				CLANG_WARN_INFINITE_RECURSION = YES;
				CLANG_WARN_INT_CONVERSION = YES;
				CLANG_WARN_NON_LITERAL_NULL_CONVERSION = YES;
				CLANG_WARN_OBJC_IMPLICIT_RETAIN_SELF = YES;
				CLANG_WARN_OBJC_LITERAL_CONVERSION = YES;
				CLANG_WARN_OBJC_ROOT_CLASS = YES_ERROR;
				CLANG_WARN_RANGE_LOOP_ANALYSIS = YES;
				CLANG_WARN_STRICT_PROTOTYPES = YES;
				CLANG_WARN_SUSPICIOUS_MOVE = YES;
				CLANG_WARN_UNGUARDED_AVAILABILITY = YES_AGGRESSIVE;
				CLANG_WARN_UNREACHABLE_CODE = YES;
				CLANG_WARN__DUPLICATE_METHOD_MATCH = YES;
				CODE_SIGN_IDENTITY = "iPhone Developer";
				COPY_PHASE_STRIP = NO;
				DEBUG_INFORMATION_FORMAT = "dwarf-with-dsym";
				ENABLE_NS_ASSERTIONS = NO;
				ENABLE_STRICT_OBJC_MSGSEND = YES;
				GCC_C_LANGUAGE_STANDARD = gnu11;
				GCC_NO_COMMON_BLOCKS = YES;
				GCC_WARN_64_TO_32_BIT_CONVERSION = YES;
				GCC_WARN_ABOUT_RETURN_TYPE = YES_ERROR;
				GCC_WARN_UNDECLARED_SELECTOR = YES;
				GCC_WARN_UNINITIALIZED_AUTOS = YES_AGGRESSIVE;
				GCC_WARN_UNUSED_FUNCTION = YES;
				GCC_WARN_UNUSED_VARIABLE = YES;
				IPHONEOS_DEPLOYMENT_TARGET = 12.2;
				MTL_ENABLE_DEBUG_INFO = NO;
				MTL_FAST_MATH = YES;
				SDKROOT = iphoneos;
				SWIFT_COMPILATION_MODE = wholemodule;
				SWIFT_OPTIMIZATION_LEVEL = "-O";
				VALIDATE_PRODUCT = YES;
			};
			name = Release;
		};
		36897EE6228B09A500221470 /* Debug */ = {
			isa = XCBuildConfiguration;
			baseConfigurationReference = 38908A87B9442792D6618DDB /* Pods-WLPlayer.debug.xcconfig */;
			buildSettings = {
				ASSETCATALOG_COMPILER_APPICON_NAME = AppIcon;
				CODE_SIGN_STYLE = Automatic;
				DEVELOPMENT_TEAM = 625VCK4L2Z;
				INFOPLIST_FILE = WLPlayer/Info.plist;
				LD_RUNPATH_SEARCH_PATHS = (
					"$(inherited)",
					"@executable_path/Frameworks",
				);
				PRODUCT_BUNDLE_IDENTIFIER = com.Willie.WLPlayer;
				PRODUCT_NAME = "$(TARGET_NAME)";
				SWIFT_VERSION = 5.0;
				TARGETED_DEVICE_FAMILY = "1,2";
			};
			name = Debug;
		};
		36897EE7228B09A500221470 /* Release */ = {
			isa = XCBuildConfiguration;
			baseConfigurationReference = 74450B78A072D7E69BD4283B /* Pods-WLPlayer.release.xcconfig */;
			buildSettings = {
				ASSETCATALOG_COMPILER_APPICON_NAME = AppIcon;
				CODE_SIGN_STYLE = Automatic;
				DEVELOPMENT_TEAM = 625VCK4L2Z;
				INFOPLIST_FILE = WLPlayer/Info.plist;
				LD_RUNPATH_SEARCH_PATHS = (
					"$(inherited)",
					"@executable_path/Frameworks",
				);
				PRODUCT_BUNDLE_IDENTIFIER = com.Willie.WLPlayer;
				PRODUCT_NAME = "$(TARGET_NAME)";
				SWIFT_VERSION = 5.0;
				TARGETED_DEVICE_FAMILY = "1,2";
			};
			name = Release;
		};
/* End XCBuildConfiguration section */

/* Begin XCConfigurationList section */
		36897ECE228B09A500221470 /* Build configuration list for PBXProject "WLPlayer" */ = {
			isa = XCConfigurationList;
			buildConfigurations = (
				36897EE3228B09A500221470 /* Debug */,
				36897EE4228B09A500221470 /* Release */,
			);
			defaultConfigurationIsVisible = 0;
			defaultConfigurationName = Release;
		};
		36897EE5228B09A500221470 /* Build configuration list for PBXNativeTarget "WLPlayer" */ = {
			isa = XCConfigurationList;
			buildConfigurations = (
				36897EE6228B09A500221470 /* Debug */,
				36897EE7228B09A500221470 /* Release */,
			);
			defaultConfigurationIsVisible = 0;
			defaultConfigurationName = Release;
		};
/* End XCConfigurationList section */
	};
	rootObject = 36897ECB228B09A500221470 /* Project object */;
}
